
Microsoft Visual Studio Solution File, Format Version 12.00
# Visual Studio Version 16
VisualStudioVersion = 16.0.30830.7
MinimumVisualStudioVersion = 10.0.40219.1
Project("{9A19103F-16F7-4668-BE54-9A1E7A4F7556}") = "StarFruit2", "StarFruit2\StarFruit2.csproj", "{CD93E299-475F-4B9A-A4C3-A4E4B6CA4873}"
EndProject
Project("{9A19103F-16F7-4668-BE54-9A1E7A4F7556}") = "StarFruit2.Tests", "StarFruit2.Tests\StarFruit2.Tests.csproj", "{E08A1C63-F886-462A-9E43-CA3022ACF07C}"
EndProject
Project("{9A19103F-16F7-4668-BE54-9A1E7A4F7556}") = "StarFruit.Common", "StarFruit.Common\StarFruit.Common.csproj", "{6AAF9A66-9D3C-4807-B442-DA2B0858F2E0}"
EndProject
Project("{2150E333-8FDC-42A3-9474-1A3956D46DE8}") = "Samples", "Samples", "{792A9084-37CC-40A8-B3C3-8A2EFA5BA796}"
	ProjectSection(SolutionItems) = preProject
		Samples\Directory.Build.props = Samples\Directory.Build.props
	EndProjectSection
EndProject
Project("{9A19103F-16F7-4668-BE54-9A1E7A4F7556}") = "StarAuth", "Samples\StarAuth\StarAuth.csproj", "{788F5496-5296-4ED7-B6BC-11EA5A3D5749}"
EndProject
Project("{9A19103F-16F7-4668-BE54-9A1E7A4F7556}") = "StarFruit.Samples", "Samples\StarFruit.Samples\StarFruit.Samples.csproj", "{3AE711CF-63EF-4B28-AD33-247DA9792FC2}"
EndProject
Project("{2150E333-8FDC-42A3-9474-1A3956D46DE8}") = "Solution Items", "Solution Items", "{5802615E-80FF-45B6-8279-7856A3B92C25}"
	ProjectSection(SolutionItems) = preProject
		.editorconfig = .editorconfig
		Directory.Build.props = Directory.Build.props
		NuGet.Config = NuGet.Config
		System.Diagnostics.CodeAnalysis.cs = System.Diagnostics.CodeAnalysis.cs
	EndProjectSection
EndProject
Project("{9A19103F-16F7-4668-BE54-9A1E7A4F7556}") = "StarFruit.FluentDomSourceGen", "StarFruit.FluentDomSourceGen\StarFruit.FluentDomSourceGen.csproj", "{2605CC20-823A-499D-B64A-027AE5EF598B}"
EndProject
Project("{9A19103F-16F7-4668-BE54-9A1E7A4F7556}") = "MultiLayerCli", "Samples\MultiLayerCli\MultiLayerCli.csproj", "{3C9D765C-74DE-42DB-B07C-65AA87016724}"
EndProject
Project("{9A19103F-16F7-4668-BE54-9A1E7A4F7556}") = "SingleLayerCli", "Samples\SingleLayerCli\SingleLayerCli.csproj", "{AEFFEE23-B095-4FE2-AD45-B430C64FA386}"
EndProject
Project("{9A19103F-16F7-4668-BE54-9A1E7A4F7556}") = "TwoLayerCli", "Samples\TwoLayerCli\TwoLayerCli.csproj", "{B7CBFA55-151D-4F2D-8D81-76BA1C9BB0CD}"
EndProject
Project("{9A19103F-16F7-4668-BE54-9A1E7A4F7556}") = "StarFruit.FluentDomSourceGen.Tests", "StarFruit.FluentDomSourceGen.Tests\StarFruit.FluentDomSourceGen.Tests.csproj", "{4DDF7E91-6E5A-4639-B3A2-76A6C98AB692}"
EndProject
Project("{9A19103F-16F7-4668-BE54-9A1E7A4F7556}") = "FluentDom", "FluentDom\FluentDom.csproj", "{8A63521A-86D1-4752-BF96-EA3C44DE68DC}"
EndProject
Project("{9A19103F-16F7-4668-BE54-9A1E7A4F7556}") = "FluentDom.Tests", "FluentDom.Tests\FluentDom.Tests.csproj", "{DF731EBE-A1DD-41FF-9B2E-E3918EE1B09F}"
EndProject
Project("{9A19103F-16F7-4668-BE54-9A1E7A4F7556}") = "DragonFruit", "Samples\DragonFruit\DragonFruit.csproj", "{40EC3C6E-76ED-462F-B192-15EB5D317C7F}"
EndProject
Project("{9A19103F-16F7-4668-BE54-9A1E7A4F7556}") = "TopLevelProgram", "Samples\TopLevelProgram\TopLevelProgram.csproj", "{C3BB8283-EBAF-4B85-86FE-E326A48ADDF7}"
EndProject
Project("{9A19103F-16F7-4668-BE54-9A1E7A4F7556}") = "MethodEntryPoint", "Samples\MethodEntryPoint\MethodEntryPoint.csproj", "{037561D1-3E24-4314-9916-6A087BF5EBF8}"
EndProject
Project("{9A19103F-16F7-4668-BE54-9A1E7A4F7556}") = "DragonFruitInstance", "Samples\DragonFruitInstance\DragonFruitInstance.csproj", "{EA96BC68-0BE4-42C7-A2B2-6091D124B6F4}"
EndProject
Project("{2150E333-8FDC-42A3-9474-1A3956D46DE8}") = "TestOutput", "TestOutput", "{9C0E96B0-61CA-47C3-8290-939760988353}"
EndProject
Project("{9A19103F-16F7-4668-BE54-9A1E7A4F7556}") = "PlaySpace", "TestOutput\PlaySpace.CS\PlaySpace.csproj", "{C0D01ADD-866D-4114-B1B0-A8A0A312C396}"
EndProject
Project("{778DAE3C-4631-46EA-AA77-85C1314464D9}") = "PlaySpace.VB", "TestOutput\PlaySpace.VB\PlaySpace.VB.vbproj", "{2E723639-859A-4568-966E-95E7E2DDC5CB}"
EndProject
Project("{9A19103F-16F7-4668-BE54-9A1E7A4F7556}") = "StarFruit.FluentDomSourceGen.Tests.FromMethodOutput.CS", "TestOutput\FromMethodOutput.CS\StarFruit.FluentDomSourceGen.Tests.FromMethodOutput.CS.csproj", "{F4705E5C-5BC4-4E8E-9C4E-51078574C3B1}"
EndProject
Project("{778DAE3C-4631-46EA-AA77-85C1314464D9}") = "StarFruit.FluentDomSourceGen.Tests.FromMethodOutput.VB", "TestOutput\FromMethodOutput.VB\StarFruit.FluentDomSourceGen.Tests.FromMethodOutput.VB.vbproj", "{83EFA5A4-2927-409C-A834-442FDD12CA2C}"
EndProject
Project("{9A19103F-16F7-4668-BE54-9A1E7A4F7556}") = "StarFruit.FluentDomSourceGen.Tests.Output.CS", "TestOutput\Output.CS\StarFruit.FluentDomSourceGen.Tests.Output.CS.csproj", "{79054BB1-861B-4923-B0DA-3BA9C588750F}"
EndProject
Project("{778DAE3C-4631-46EA-AA77-85C1314464D9}") = "StarFruit.FluentDomSourceGen.Tests.Output.VB", "TestOutput\Output.VB\StarFruit.FluentDomSourceGen.Tests.Output.VB.vbproj", "{8F11CAF6-555A-488A-B244-771894FAECB7}"
EndProject
Project("{2150E333-8FDC-42A3-9474-1A3956D46DE8}") = "Samples2", "Samples2", "{55680707-06DA-43F3-81C5-1AFBA46C76A2}"
EndProject
Project("{2150E333-8FDC-42A3-9474-1A3956D46DE8}") = "CSharp", "CSharp", "{DDA0EAD6-1D3D-4D20-B4EA-E2DB6B305CD6}"
EndProject
Project("{2150E333-8FDC-42A3-9474-1A3956D46DE8}") = "VB", "VB", "{38177E22-E5BB-42AF-9E05-58F0668A9B20}"
EndProject
Global
	GlobalSection(SolutionConfigurationPlatforms) = preSolution
		Debug|Any CPU = Debug|Any CPU
		Release|Any CPU = Release|Any CPU
	EndGlobalSection
	GlobalSection(ProjectConfigurationPlatforms) = postSolution
		{CD93E299-475F-4B9A-A4C3-A4E4B6CA4873}.Debug|Any CPU.ActiveCfg = Debug|Any CPU
		{CD93E299-475F-4B9A-A4C3-A4E4B6CA4873}.Debug|Any CPU.Build.0 = Debug|Any CPU
		{CD93E299-475F-4B9A-A4C3-A4E4B6CA4873}.Release|Any CPU.ActiveCfg = Release|Any CPU
		{CD93E299-475F-4B9A-A4C3-A4E4B6CA4873}.Release|Any CPU.Build.0 = Release|Any CPU
		{E08A1C63-F886-462A-9E43-CA3022ACF07C}.Debug|Any CPU.ActiveCfg = Debug|Any CPU
		{E08A1C63-F886-462A-9E43-CA3022ACF07C}.Debug|Any CPU.Build.0 = Debug|Any CPU
		{E08A1C63-F886-462A-9E43-CA3022ACF07C}.Release|Any CPU.ActiveCfg = Release|Any CPU
		{E08A1C63-F886-462A-9E43-CA3022ACF07C}.Release|Any CPU.Build.0 = Release|Any CPU
		{6AAF9A66-9D3C-4807-B442-DA2B0858F2E0}.Debug|Any CPU.ActiveCfg = Debug|Any CPU
		{6AAF9A66-9D3C-4807-B442-DA2B0858F2E0}.Debug|Any CPU.Build.0 = Debug|Any CPU
		{6AAF9A66-9D3C-4807-B442-DA2B0858F2E0}.Release|Any CPU.ActiveCfg = Release|Any CPU
		{6AAF9A66-9D3C-4807-B442-DA2B0858F2E0}.Release|Any CPU.Build.0 = Release|Any CPU
		{788F5496-5296-4ED7-B6BC-11EA5A3D5749}.Debug|Any CPU.ActiveCfg = Debug|Any CPU
		{788F5496-5296-4ED7-B6BC-11EA5A3D5749}.Debug|Any CPU.Build.0 = Debug|Any CPU
		{788F5496-5296-4ED7-B6BC-11EA5A3D5749}.Release|Any CPU.ActiveCfg = Release|Any CPU
		{788F5496-5296-4ED7-B6BC-11EA5A3D5749}.Release|Any CPU.Build.0 = Release|Any CPU
		{3AE711CF-63EF-4B28-AD33-247DA9792FC2}.Debug|Any CPU.ActiveCfg = Debug|Any CPU
		{3AE711CF-63EF-4B28-AD33-247DA9792FC2}.Debug|Any CPU.Build.0 = Debug|Any CPU
		{3AE711CF-63EF-4B28-AD33-247DA9792FC2}.Release|Any CPU.ActiveCfg = Release|Any CPU
		{3AE711CF-63EF-4B28-AD33-247DA9792FC2}.Release|Any CPU.Build.0 = Release|Any CPU
		{2605CC20-823A-499D-B64A-027AE5EF598B}.Debug|Any CPU.ActiveCfg = Debug|Any CPU
		{2605CC20-823A-499D-B64A-027AE5EF598B}.Debug|Any CPU.Build.0 = Debug|Any CPU
		{2605CC20-823A-499D-B64A-027AE5EF598B}.Release|Any CPU.ActiveCfg = Release|Any CPU
		{2605CC20-823A-499D-B64A-027AE5EF598B}.Release|Any CPU.Build.0 = Release|Any CPU
		{3C9D765C-74DE-42DB-B07C-65AA87016724}.Debug|Any CPU.ActiveCfg = Debug|Any CPU
		{3C9D765C-74DE-42DB-B07C-65AA87016724}.Debug|Any CPU.Build.0 = Debug|Any CPU
		{3C9D765C-74DE-42DB-B07C-65AA87016724}.Release|Any CPU.ActiveCfg = Release|Any CPU
		{3C9D765C-74DE-42DB-B07C-65AA87016724}.Release|Any CPU.Build.0 = Release|Any CPU
		{AEFFEE23-B095-4FE2-AD45-B430C64FA386}.Debug|Any CPU.ActiveCfg = Debug|Any CPU
		{AEFFEE23-B095-4FE2-AD45-B430C64FA386}.Debug|Any CPU.Build.0 = Debug|Any CPU
		{AEFFEE23-B095-4FE2-AD45-B430C64FA386}.Release|Any CPU.ActiveCfg = Release|Any CPU
		{AEFFEE23-B095-4FE2-AD45-B430C64FA386}.Release|Any CPU.Build.0 = Release|Any CPU
		{B7CBFA55-151D-4F2D-8D81-76BA1C9BB0CD}.Debug|Any CPU.ActiveCfg = Debug|Any CPU
		{B7CBFA55-151D-4F2D-8D81-76BA1C9BB0CD}.Debug|Any CPU.Build.0 = Debug|Any CPU
		{B7CBFA55-151D-4F2D-8D81-76BA1C9BB0CD}.Release|Any CPU.ActiveCfg = Release|Any CPU
		{B7CBFA55-151D-4F2D-8D81-76BA1C9BB0CD}.Release|Any CPU.Build.0 = Release|Any CPU
		{4DDF7E91-6E5A-4639-B3A2-76A6C98AB692}.Debug|Any CPU.ActiveCfg = Debug|Any CPU
		{4DDF7E91-6E5A-4639-B3A2-76A6C98AB692}.Debug|Any CPU.Build.0 = Debug|Any CPU
		{4DDF7E91-6E5A-4639-B3A2-76A6C98AB692}.Release|Any CPU.ActiveCfg = Release|Any CPU
		{4DDF7E91-6E5A-4639-B3A2-76A6C98AB692}.Release|Any CPU.Build.0 = Release|Any CPU
		{8A63521A-86D1-4752-BF96-EA3C44DE68DC}.Debug|Any CPU.ActiveCfg = Debug|Any CPU
		{8A63521A-86D1-4752-BF96-EA3C44DE68DC}.Debug|Any CPU.Build.0 = Debug|Any CPU
		{8A63521A-86D1-4752-BF96-EA3C44DE68DC}.Release|Any CPU.ActiveCfg = Release|Any CPU
		{8A63521A-86D1-4752-BF96-EA3C44DE68DC}.Release|Any CPU.Build.0 = Release|Any CPU
		{DF731EBE-A1DD-41FF-9B2E-E3918EE1B09F}.Debug|Any CPU.ActiveCfg = Debug|Any CPU
		{DF731EBE-A1DD-41FF-9B2E-E3918EE1B09F}.Debug|Any CPU.Build.0 = Debug|Any CPU
		{DF731EBE-A1DD-41FF-9B2E-E3918EE1B09F}.Release|Any CPU.ActiveCfg = Release|Any CPU
		{DF731EBE-A1DD-41FF-9B2E-E3918EE1B09F}.Release|Any CPU.Build.0 = Release|Any CPU
		{40EC3C6E-76ED-462F-B192-15EB5D317C7F}.Debug|Any CPU.ActiveCfg = Debug|Any CPU
		{40EC3C6E-76ED-462F-B192-15EB5D317C7F}.Debug|Any CPU.Build.0 = Debug|Any CPU
		{40EC3C6E-76ED-462F-B192-15EB5D317C7F}.Release|Any CPU.ActiveCfg = Release|Any CPU
		{40EC3C6E-76ED-462F-B192-15EB5D317C7F}.Release|Any CPU.Build.0 = Release|Any CPU
		{C3BB8283-EBAF-4B85-86FE-E326A48ADDF7}.Debug|Any CPU.ActiveCfg = Debug|Any CPU
		{C3BB8283-EBAF-4B85-86FE-E326A48ADDF7}.Debug|Any CPU.Build.0 = Debug|Any CPU
		{C3BB8283-EBAF-4B85-86FE-E326A48ADDF7}.Release|Any CPU.ActiveCfg = Release|Any CPU
		{C3BB8283-EBAF-4B85-86FE-E326A48ADDF7}.Release|Any CPU.Build.0 = Release|Any CPU
		{037561D1-3E24-4314-9916-6A087BF5EBF8}.Debug|Any CPU.ActiveCfg = Debug|Any CPU
		{037561D1-3E24-4314-9916-6A087BF5EBF8}.Debug|Any CPU.Build.0 = Debug|Any CPU
		{037561D1-3E24-4314-9916-6A087BF5EBF8}.Release|Any CPU.ActiveCfg = Release|Any CPU
		{037561D1-3E24-4314-9916-6A087BF5EBF8}.Release|Any CPU.Build.0 = Release|Any CPU
		{EA96BC68-0BE4-42C7-A2B2-6091D124B6F4}.Debug|Any CPU.ActiveCfg = Debug|Any CPU
		{EA96BC68-0BE4-42C7-A2B2-6091D124B6F4}.Debug|Any CPU.Build.0 = Debug|Any CPU
		{EA96BC68-0BE4-42C7-A2B2-6091D124B6F4}.Release|Any CPU.ActiveCfg = Release|Any CPU
		{EA96BC68-0BE4-42C7-A2B2-6091D124B6F4}.Release|Any CPU.Build.0 = Release|Any CPU
		{C0D01ADD-866D-4114-B1B0-A8A0A312C396}.Debug|Any CPU.ActiveCfg = Debug|Any CPU
		{C0D01ADD-866D-4114-B1B0-A8A0A312C396}.Debug|Any CPU.Build.0 = Debug|Any CPU
		{C0D01ADD-866D-4114-B1B0-A8A0A312C396}.Release|Any CPU.ActiveCfg = Release|Any CPU
		{C0D01ADD-866D-4114-B1B0-A8A0A312C396}.Release|Any CPU.Build.0 = Release|Any CPU
		{2E723639-859A-4568-966E-95E7E2DDC5CB}.Debug|Any CPU.ActiveCfg = Debug|Any CPU
		{2E723639-859A-4568-966E-95E7E2DDC5CB}.Debug|Any CPU.Build.0 = Debug|Any CPU
		{2E723639-859A-4568-966E-95E7E2DDC5CB}.Release|Any CPU.ActiveCfg = Release|Any CPU
		{2E723639-859A-4568-966E-95E7E2DDC5CB}.Release|Any CPU.Build.0 = Release|Any CPU
		{F4705E5C-5BC4-4E8E-9C4E-51078574C3B1}.Debug|Any CPU.ActiveCfg = Debug|Any CPU
		{F4705E5C-5BC4-4E8E-9C4E-51078574C3B1}.Debug|Any CPU.Build.0 = Debug|Any CPU
		{F4705E5C-5BC4-4E8E-9C4E-51078574C3B1}.Release|Any CPU.ActiveCfg = Release|Any CPU
		{F4705E5C-5BC4-4E8E-9C4E-51078574C3B1}.Release|Any CPU.Build.0 = Release|Any CPU
		{83EFA5A4-2927-409C-A834-442FDD12CA2C}.Debug|Any CPU.ActiveCfg = Debug|Any CPU
		{83EFA5A4-2927-409C-A834-442FDD12CA2C}.Debug|Any CPU.Build.0 = Debug|Any CPU
		{83EFA5A4-2927-409C-A834-442FDD12CA2C}.Release|Any CPU.ActiveCfg = Release|Any CPU
		{83EFA5A4-2927-409C-A834-442FDD12CA2C}.Release|Any CPU.Build.0 = Release|Any CPU
		{79054BB1-861B-4923-B0DA-3BA9C588750F}.Debug|Any CPU.ActiveCfg = Debug|Any CPU
		{79054BB1-861B-4923-B0DA-3BA9C588750F}.Debug|Any CPU.Build.0 = Debug|Any CPU
		{79054BB1-861B-4923-B0DA-3BA9C588750F}.Release|Any CPU.ActiveCfg = Release|Any CPU
		{79054BB1-861B-4923-B0DA-3BA9C588750F}.Release|Any CPU.Build.0 = Release|Any CPU
		{8F11CAF6-555A-488A-B244-771894FAECB7}.Debug|Any CPU.ActiveCfg = Debug|Any CPU
		{8F11CAF6-555A-488A-B244-771894FAECB7}.Debug|Any CPU.Build.0 = Debug|Any CPU
		{8F11CAF6-555A-488A-B244-771894FAECB7}.Release|Any CPU.ActiveCfg = Release|Any CPU
		{8F11CAF6-555A-488A-B244-771894FAECB7}.Release|Any CPU.Build.0 = Release|Any CPU
	EndGlobalSection
	GlobalSection(SolutionProperties) = preSolution
		HideSolutionNode = FALSE
	EndGlobalSection
	GlobalSection(NestedProjects) = preSolution
		{788F5496-5296-4ED7-B6BC-11EA5A3D5749} = {792A9084-37CC-40A8-B3C3-8A2EFA5BA796}
		{3AE711CF-63EF-4B28-AD33-247DA9792FC2} = {792A9084-37CC-40A8-B3C3-8A2EFA5BA796}
		{3C9D765C-74DE-42DB-B07C-65AA87016724} = {792A9084-37CC-40A8-B3C3-8A2EFA5BA796}
		{AEFFEE23-B095-4FE2-AD45-B430C64FA386} = {792A9084-37CC-40A8-B3C3-8A2EFA5BA796}
		{B7CBFA55-151D-4F2D-8D81-76BA1C9BB0CD} = {792A9084-37CC-40A8-B3C3-8A2EFA5BA796}
		{40EC3C6E-76ED-462F-B192-15EB5D317C7F} = {792A9084-37CC-40A8-B3C3-8A2EFA5BA796}
		{C3BB8283-EBAF-4B85-86FE-E326A48ADDF7} = {792A9084-37CC-40A8-B3C3-8A2EFA5BA796}
		{037561D1-3E24-4314-9916-6A087BF5EBF8} = {792A9084-37CC-40A8-B3C3-8A2EFA5BA796}
		{EA96BC68-0BE4-42C7-A2B2-6091D124B6F4} = {792A9084-37CC-40A8-B3C3-8A2EFA5BA796}
		{C0D01ADD-866D-4114-B1B0-A8A0A312C396} = {9C0E96B0-61CA-47C3-8290-939760988353}
		{2E723639-859A-4568-966E-95E7E2DDC5CB} = {9C0E96B0-61CA-47C3-8290-939760988353}
		{F4705E5C-5BC4-4E8E-9C4E-51078574C3B1} = {9C0E96B0-61CA-47C3-8290-939760988353}
		{83EFA5A4-2927-409C-A834-442FDD12CA2C} = {9C0E96B0-61CA-47C3-8290-939760988353}
		{79054BB1-861B-4923-B0DA-3BA9C588750F} = {9C0E96B0-61CA-47C3-8290-939760988353}
		{8F11CAF6-555A-488A-B244-771894FAECB7} = {9C0E96B0-61CA-47C3-8290-939760988353}
		{DDA0EAD6-1D3D-4D20-B4EA-E2DB6B305CD6} = {55680707-06DA-43F3-81C5-1AFBA46C76A2}
		{38177E22-E5BB-42AF-9E05-58F0668A9B20} = {55680707-06DA-43F3-81C5-1AFBA46C76A2}
	EndGlobalSection
	GlobalSection(ExtensibilityGlobals) = postSolution
		SolutionGuid = {B016F2BA-2F89-45F3-86A1-E4FA9D992C1F}
	EndGlobalSection
EndGlobal
